# THIS IS AN AUTOGENERATED FILE. DO NOT EDIT THIS FILE DIRECTLY.
# yarn lockfile v1


abstract-leveldown@~0.12.0:
  version "0.12.4"
  resolved "https://registry.yarnpkg.com/abstract-leveldown/-/abstract-leveldown-0.12.4.tgz#29e18e632e60e4e221d5810247852a63d7b2e410"
  dependencies:
    xtend "~3.0.0"

charm@1.0.1:
  version "1.0.1"
  resolved "https://registry.yarnpkg.com/charm/-/charm-1.0.1.tgz#68566a7a553d4fe91797030dd1852d0dd6efa82d"
  dependencies:
    inherits "^2.0.1"

charm@~0.1.0:
  version "0.1.2"
  resolved "https://registry.yarnpkg.com/charm/-/charm-0.1.2.tgz#06c21eed1a1b06aeb67553cdc53e23274bac2296"

cli-cursor@^1.0.2:
  version "1.0.2"
  resolved "https://registry.yarnpkg.com/cli-cursor/-/cli-cursor-1.0.2.tgz#64da3f7d56a54412e59794bd62dc35295e8f2987"
  dependencies:
    restore-cursor "^1.0.1"

cli-spinners@0.2.0:
  version "0.2.0"
  resolved "https://registry.yarnpkg.com/cli-spinners/-/cli-spinners-0.2.0.tgz#85078737913b880f6ec9ffe7b65e83ec7776284f"

colors@1.1.2:
  version "1.1.2"
  resolved "https://registry.yarnpkg.com/colors/-/colors-1.1.2.tgz#168a4701756b6a7f51a12ce0c97bfa28c084ed63"

encoding@^0.1.11:
  version "0.1.12"
  resolved "https://registry.yarnpkg.com/encoding/-/encoding-0.1.12.tgz#538b66f3ee62cd1ab51ec323829d1f9480c74beb"
  dependencies:
    iconv-lite "~0.4.13"

exit-hook@^1.0.0:
  version "1.1.1"
  resolved "https://registry.yarnpkg.com/exit-hook/-/exit-hook-1.1.1.tgz#f05ca233b48c05d54fff07765df8507e95c02ff8"

file-type@^3.8.0:
  version "3.9.0"
  resolved "https://registry.yarnpkg.com/file-type/-/file-type-3.9.0.tgz#257a078384d1db8087bc449d107d52a52672b9e9"

iconv-lite@~0.4.13:
  version "0.4.15"
  resolved "https://registry.yarnpkg.com/iconv-lite/-/iconv-lite-0.4.15.tgz#fe265a218ac6a57cfe854927e9d04c19825eddeb"

idb-wrapper@^1.5.0:
  version "1.7.1"
  resolved "https://registry.yarnpkg.com/idb-wrapper/-/idb-wrapper-1.7.1.tgz#6a32670122e173a84ecc5cfa9668fa2ceb221b04"

inherits@^2.0.1:
  version "2.0.3"
  resolved "https://registry.yarnpkg.com/inherits/-/inherits-2.0.3.tgz#633c2c83e3da42a502f52466022480f4208261de"

is-stream@^1.0.1:
  version "1.1.0"
  resolved "https://registry.yarnpkg.com/is-stream/-/is-stream-1.1.0.tgz#12d4a3dd4e68e0b79ceb8dbc84173ae80d91ca44"

is-url@^1.2.2:
  version "1.2.2"
  resolved "https://registry.yarnpkg.com/is-url/-/is-url-1.2.2.tgz#498905a593bf47cc2d9e7f738372bbf7696c7f26"

isbuffer@~0.0.0:
  version "0.0.0"
  resolved "https://registry.yarnpkg.com/isbuffer/-/isbuffer-0.0.0.tgz#38c146d9df528b8bf9b0701c3d43cf12df3fc39b"

jpeg-js@^0.2.0:
  version "0.2.0"
  resolved "https://registry.yarnpkg.com/jpeg-js/-/jpeg-js-0.2.0.tgz#53e448ec9d263e683266467e9442d2c5a2ef5482"

level-js@^2.2.4:
  version "2.2.4"
  resolved "https://registry.yarnpkg.com/level-js/-/level-js-2.2.4.tgz#bc055f4180635d4489b561c9486fa370e8c11697"
  dependencies:
    abstract-leveldown "~0.12.0"
    idb-wrapper "^1.5.0"
    isbuffer "~0.0.0"
    ltgt "^2.1.2"
    typedarray-to-buffer "~1.0.0"
    xtend "~2.1.2"

ltgt@^2.1.2:
  version "2.1.3"
  resolved "https://registry.yarnpkg.com/ltgt/-/ltgt-2.1.3.tgz#10851a06d9964b971178441c23c9e52698eece34"

node-fetch@^1.6.3:
  version "1.6.3"
  resolved "https://registry.yarnpkg.com/node-fetch/-/node-fetch-1.6.3.tgz#dc234edd6489982d58e8f0db4f695029abcd8c04"
  dependencies:
    encoding "^0.1.11"
    is-stream "^1.0.1"

node-status@^1.0.0:
  version "1.0.0"
  resolved "https://registry.yarnpkg.com/node-status/-/node-status-1.0.0.tgz#7906a7c47a6587d03496bf74ec634abaa03f8e80"
  dependencies:
    charm "1.0.1"
    cli-cursor "^1.0.2"
    cli-spinners "0.2.0"
    colors "1.1.2"

object-assign@^4.1.0:
  version "4.1.0"
  resolved "https://registry.yarnpkg.com/object-assign/-/object-assign-4.1.0.tgz#7a3b3d0e98063d43f4c03f2e8ae6cd51a86883a0"

object-keys@~0.4.0:
  version "0.4.0"
  resolved "https://registry.yarnpkg.com/object-keys/-/object-keys-0.4.0.tgz#28a6aae7428dd2c3a92f3d95f21335dd204e0336"

onetime@^1.0.0:
  version "1.1.0"
  resolved "https://registry.yarnpkg.com/onetime/-/onetime-1.1.0.tgz#a1f7838f8314c516f05ecefcbc4ccfe04b4ed789"

pace@^0.0.4:
  version "0.0.4"
  resolved "https://registry.yarnpkg.com/pace/-/pace-0.0.4.tgz#d66405d5f5bc12d25441a6e26c878dbc69e77a77"
  dependencies:
    charm "~0.1.0"

png.js@^0.2.1:
  version "0.2.1"
  resolved "https://registry.yarnpkg.com/png.js/-/png.js-0.2.1.tgz#da6b83c134bdc101940d9ab1c98e9154affbb1f2"

progress@^1.1.8:
  version "1.1.8"
  resolved "https://registry.yarnpkg.com/progress/-/progress-1.1.8.tgz#e260c78f6161cdd9b0e56cc3e0a85de17c7a57be"

restore-cursor@^1.0.1:
  version "1.0.1"
  resolved "https://registry.yarnpkg.com/restore-cursor/-/restore-cursor-1.0.1.tgz#34661f46886327fed2991479152252df92daa541"
  dependencies:
    exit-hook "^1.0.0"
    onetime "^1.0.0"

tesseract.js-core@^1.0.2:
  version "1.0.2"
  resolved "https://registry.yarnpkg.com/tesseract.js-core/-/tesseract.js-core-1.0.2.tgz#1ce33a29dc812357b8356a30ededf8b188043b37"

tesseract.js@^1.0.10:
  version "1.0.10"
  resolved "https://registry.yarnpkg.com/tesseract.js/-/tesseract.js-1.0.10.tgz#e11a96ae76147939d9218f88e287fb69414b1e5d"
  dependencies:
    file-type "^3.8.0"
    is-url "^1.2.2"
    jpeg-js "^0.2.0"
    level-js "^2.2.4"
    node-fetch "^1.6.3"
    object-assign "^4.1.0"
    png.js "^0.2.1"
    tesseract.js-core "^1.0.2"

typedarray-to-buffer@~1.0.0:
  version "1.0.4"
  resolved "https://registry.yarnpkg.com/typedarray-to-buffer/-/typedarray-to-buffer-1.0.4.tgz#9bb8ba0e841fb3f4cf1fe7c245e9f3fa8a5fe99c"

xtend@~2.1.2:
  version "2.1.2"
  resolved "https://registry.yarnpkg.com/xtend/-/xtend-2.1.2.tgz#6efecc2a4dad8e6962c4901b337ce7ba87b5d28b"
  dependencies:
    object-keys "~0.4.0"

xtend@~3.0.0:
  version "3.0.0"
  resolved "https://registry.yarnpkg.com/xtend/-/xtend-3.0.0.tgz#5cce7407baf642cba7becda568111c493f59665a"
